
Microsoft Visual Studio Solution File, Format Version 12.00
# Visual Studio 15
VisualStudioVersion = 15.0.27130.2010
MinimumVisualStudioVersion = 10.0.40219.1
Project("{2150E333-8FDC-42A3-9474-1A3956D46DE8}") = "MK.Base", "MK.Base", "{D82A592F-5CD5-4868-BBE9-DC32B0E95AF7}"
EndProject
Project("{2150E333-8FDC-42A3-9474-1A3956D46DE8}") = "MK.Service", "MK.Service", "{C6754BC3-57C7-4443-9403-34A597EE68F3}"
EndProject
Project("{2150E333-8FDC-42A3-9474-1A3956D46DE8}") = "MK.UI", "MK.UI", "{67F92286-E83A-46E6-AF2B-DA8CA28F0A3A}"
EndProject
Project("{2150E333-8FDC-42A3-9474-1A3956D46DE8}") = "MK.Repository", "MK.Repository", "{A1EAB523-D6BE-4B4D-A34E-DBB753A0ABBF}"
EndProject
Project("{FAE04EC0-301F-11D3-BF4B-00C04F79EFBC}") = "MK.MoonlightGoddess.Core", "MK.MoonlightGoddess.Core\MK.MoonlightGoddess.Core.csproj", "{CE5AA296-8A98-4201-98D4-7C79ED3A1C4B}"
EndProject
Project("{FAE04EC0-301F-11D3-BF4B-00C04F79EFBC}") = "MK.MoonlightGoddess.Models", "MK.MoonlightGoddess.Models\MK.MoonlightGoddess.Models.csproj", "{8F9FB3C5-78D5-417B-BF45-BFF3ED19A728}"
EndProject
Project("{FAE04EC0-301F-11D3-BF4B-00C04F79EFBC}") = "MK.MoonlightGoddess.Data", "MK.MoonlightGoddess.Data\MK.MoonlightGoddess.Data.csproj", "{875324E9-AAA2-4113-BC68-56187EA7A952}"
EndProject
Project("{FAE04EC0-301F-11D3-BF4B-00C04F79EFBC}") = "MK.MoonlightGoddess.SQL", "MK.MoonlightGoddess.DBData\MK.MoonlightGoddess.SQL.csproj", "{B143BE00-B2AD-401E-972E-BDD823254587}"
EndProject
Project("{FAE04EC0-301F-11D3-BF4B-00C04F79EFBC}") = "MK.MoonlightGoddess.Service", "MK.MoonlightGoddess.Service\MK.MoonlightGoddess.Service.csproj", "{4C49CF41-07C3-4083-84D7-42AAE9DDDB6C}"
EndProject
Project("{FAE04EC0-301F-11D3-BF4B-00C04F79EFBC}") = "MK.MoonlightGoddess.Web", "MK.MoonlightGoddess.Web\MK.MoonlightGoddess.Web.csproj", "{81C88883-57E0-4FA4-8D46-4ACB4DCF8B33}"
EndProject
Project("{FAE04EC0-301F-11D3-BF4B-00C04F79EFBC}") = "MK.MoonlightGoddess.Web.Tests", "MK.MoonlightGoddess.Web.Tests\MK.MoonlightGoddess.Web.Tests.csproj", "{C6B23242-E6C8-4029-B86E-EAD9A12A426C}"
EndProject
Global
	GlobalSection(SolutionConfigurationPlatforms) = preSolution
		Debug|Any CPU = Debug|Any CPU
		Release|Any CPU = Release|Any CPU
	EndGlobalSection
	GlobalSection(ProjectConfigurationPlatforms) = postSolution
		{CE5AA296-8A98-4201-98D4-7C79ED3A1C4B}.Debug|Any CPU.ActiveCfg = Debug|Any CPU
		{CE5AA296-8A98-4201-98D4-7C79ED3A1C4B}.Debug|Any CPU.Build.0 = Debug|Any CPU
		{CE5AA296-8A98-4201-98D4-7C79ED3A1C4B}.Release|Any CPU.ActiveCfg = Release|Any CPU
		{CE5AA296-8A98-4201-98D4-7C79ED3A1C4B}.Release|Any CPU.Build.0 = Release|Any CPU
		{8F9FB3C5-78D5-417B-BF45-BFF3ED19A728}.Debug|Any CPU.ActiveCfg = Debug|Any CPU
		{8F9FB3C5-78D5-417B-BF45-BFF3ED19A728}.Debug|Any CPU.Build.0 = Debug|Any CPU
		{8F9FB3C5-78D5-417B-BF45-BFF3ED19A728}.Release|Any CPU.ActiveCfg = Release|Any CPU
		{8F9FB3C5-78D5-417B-BF45-BFF3ED19A728}.Release|Any CPU.Build.0 = Release|Any CPU
		{875324E9-AAA2-4113-BC68-56187EA7A952}.Debug|Any CPU.ActiveCfg = Debug|Any CPU
		{875324E9-AAA2-4113-BC68-56187EA7A952}.Debug|Any CPU.Build.0 = Debug|Any CPU
		{875324E9-AAA2-4113-BC68-56187EA7A952}.Release|Any CPU.ActiveCfg = Release|Any CPU
		{875324E9-AAA2-4113-BC68-56187EA7A952}.Release|Any CPU.Build.0 = Release|Any CPU
		{B143BE00-B2AD-401E-972E-BDD823254587}.Debug|Any CPU.ActiveCfg = Debug|Any CPU
		{B143BE00-B2AD-401E-972E-BDD823254587}.Debug|Any CPU.Build.0 = Debug|Any CPU
		{B143BE00-B2AD-401E-972E-BDD823254587}.Release|Any CPU.ActiveCfg = Release|Any CPU
		{B143BE00-B2AD-401E-972E-BDD823254587}.Release|Any CPU.Build.0 = Release|Any CPU
		{4C49CF41-07C3-4083-84D7-42AAE9DDDB6C}.Debug|Any CPU.ActiveCfg = Debug|Any CPU
		{4C49CF41-07C3-4083-84D7-42AAE9DDDB6C}.Debug|Any CPU.Build.0 = Debug|Any CPU
		{4C49CF41-07C3-4083-84D7-42AAE9DDDB6C}.Release|Any CPU.ActiveCfg = Release|Any CPU
		{4C49CF41-07C3-4083-84D7-42AAE9DDDB6C}.Release|Any CPU.Build.0 = Release|Any CPU
		{81C88883-57E0-4FA4-8D46-4ACB4DCF8B33}.Debug|Any CPU.ActiveCfg = Debug|Any CPU
		{81C88883-57E0-4FA4-8D46-4ACB4DCF8B33}.Debug|Any CPU.Build.0 = Debug|Any CPU
		{81C88883-57E0-4FA4-8D46-4ACB4DCF8B33}.Release|Any CPU.ActiveCfg = Release|Any CPU
		{81C88883-57E0-4FA4-8D46-4ACB4DCF8B33}.Release|Any CPU.Build.0 = Release|Any CPU
		{C6B23242-E6C8-4029-B86E-EAD9A12A426C}.Debug|Any CPU.ActiveCfg = Debug|Any CPU
		{C6B23242-E6C8-4029-B86E-EAD9A12A426C}.Debug|Any CPU.Build.0 = Debug|Any CPU
		{C6B23242-E6C8-4029-B86E-EAD9A12A426C}.Release|Any CPU.ActiveCfg = Release|Any CPU
		{C6B23242-E6C8-4029-B86E-EAD9A12A426C}.Release|Any CPU.Build.0 = Release|Any CPU
	EndGlobalSection
	GlobalSection(SolutionProperties) = preSolution
		HideSolutionNode = FALSE
	EndGlobalSection
	GlobalSection(NestedProjects) = preSolution
		{CE5AA296-8A98-4201-98D4-7C79ED3A1C4B} = {D82A592F-5CD5-4868-BBE9-DC32B0E95AF7}
		{8F9FB3C5-78D5-417B-BF45-BFF3ED19A728} = {D82A592F-5CD5-4868-BBE9-DC32B0E95AF7}
		{875324E9-AAA2-4113-BC68-56187EA7A952} = {A1EAB523-D6BE-4B4D-A34E-DBB753A0ABBF}
		{B143BE00-B2AD-401E-972E-BDD823254587} = {A1EAB523-D6BE-4B4D-A34E-DBB753A0ABBF}
		{4C49CF41-07C3-4083-84D7-42AAE9DDDB6C} = {C6754BC3-57C7-4443-9403-34A597EE68F3}
		{81C88883-57E0-4FA4-8D46-4ACB4DCF8B33} = {67F92286-E83A-46E6-AF2B-DA8CA28F0A3A}
		{C6B23242-E6C8-4029-B86E-EAD9A12A426C} = {67F92286-E83A-46E6-AF2B-DA8CA28F0A3A}
	EndGlobalSection
	GlobalSection(ExtensibilityGlobals) = postSolution
		SolutionGuid = {20020F47-4BC6-4329-B912-4FBFB6ED86A2}
	EndGlobalSection
EndGlobal
